{
  "name": "backend",
  "lockfileVersion": 3,
  "requires": true,
  "packages": {
    "": {
      "dependencies": {
        "asciinema-player": "^3.16.0"
      }
    },
    "node_modules/@babel/runtime": {
      "version": "7.29.7",
      "resolved": "https://registry.npmjs.org/@babel/runtime/-/runtime-7.29.7.tgz",
      "integrity": "sha512-Nq8OhGWiZIZGV6hLHoyAKLLcJihP/xFeBMGJoUrxTX2psI8dCifzLhZISFb+VWS3wFMRDmCGw5R+dOySCqPLhw==",
      "license": "MIT",
      "engines": {
        "node": ">=6.9.0"
      }
    },
    "node_modules/@solid-primitives/refs": {
      "version": "1.1.3",
      "resolved": "https://registry.npmjs.org/@solid-primitives/refs/-/refs-1.1.3.tgz",
      "integrity": "sha512-aam02fjNKpBteewF/UliPSQCVJsIIGOLEWQOh+ll6R/QePzBOOBMcC4G+5jTaO75JuUS1d/14Q1YXT3X0Ow6iA==",
      "license": "MIT",
      "dependencies": {
        "@solid-primitives/utils": "^6.4.0"
      },
      "peerDependencies": {
        "solid-js": "^1.6.12"
      }
    },
    "node_modules/@solid-primitives/transition-group": {
      "version": "1.1.2",
      "resolved": "https://registry.npmjs.org/@solid-primitives/transition-group/-/transition-group-1.1.2.tgz",
      "integrity": "sha512-gnHS0OmcdjeoHN9n7Khu8KNrOlRc8a2weETDt2YT6o1zeW/XtUC6Db3Q9pkMU/9cCKdEmN4b0a/41MKAHRhzWA==",
      "license": "MIT",
      "peerDependencies": {
        "solid-js": "^1.6.12"
      }
    },
    "node_modules/@solid-primitives/utils": {
      "version": "6.4.0",
      "resolved": "https://registry.npmjs.org/@solid-primitives/utils/-/utils-6.4.0.tgz",
      "integrity": "sha512-AeGTBg8Wtkh/0s+evyLtP8piQoS4wyqqQaAFs2HJcFMMjYAtUgo+ZPduRXLjPlqKVc2ejeR544oeqpbn8Egn8A==",
      "license": "MIT",
      "peerDependencies": {
        "solid-js": "^1.6.12"
      }
    },
    "node_modules/asciinema-player": {
      "version": "3.16.0",
      "resolved": "https://registry.npmjs.org/asciinema-player/-/asciinema-player-3.16.0.tgz",
      "integrity": "sha512-bl6U6QD6/2as3F8AaNnAQ1dAZMq9Q/mvlSE5XxQrththGcDQS+jqAUCEr3jrUl2xatIQwblNIyJuFUpX8qjK+g==",
      "license": "Apache-2.0",
      "dependencies": {
        "@babel/runtime": "^7.21.0",
        "solid-js": "^1.3.0",
        "solid-transition-group": "^0.2.3"
      }
    },
    "node_modules/csstype": {
      "version": "3.2.3",
      "resolved": "https://registry.npmjs.org/csstype/-/csstype-3.2.3.tgz",
      "integrity": "sha512-z1HGKcYy2xA8AGQfwrn0PAy+PB7X/GSj3UVJW9qKyn43xWa+gl5nXmU4qqLMRzWVLFC8KusUX8T/0kCiOYpAIQ==",
      "license": "MIT"
    },
    "node_modules/seroval": {
      "version": "1.5.4",
      "resolved": "https://registry.npmjs.org/seroval/-/seroval-1.5.4.tgz",
      "integrity": "sha512-46uFvgrXTVxZcUorgSSRZ4y+ieqLLQRMlG4bnCZKW3qI6BZm7Rg4ntMW4p1mILEEBZWrFlcpp0AyIIlM6jD9iw==",
      "license": "MIT",
      "engines": {
        "node": ">=10"
      }
    },
    "node_modules/seroval-plugins": {
      "version": "1.5.4",
      "resolved": "https://registry.npmjs.org/seroval-plugins/-/seroval-plugins-1.5.4.tgz",
      "integrity": "sha512-S0xQPhUTefAhNvNWFg0c1J8qJArHt5KdtJ/cFAofo06KD1MVSeFWyl4iiu+ApDIuw0WhjpOfCdgConOfAnLgkw==",
      "license": "MIT",
      "engines": {
        "node": ">=10"
      },
      "peerDependencies": {
        "seroval": "^1.0"
      }
    },
    "node_modules/solid-js": {
      "version": "1.9.13",
      "resolved": "https://registry.npmjs.org/solid-js/-/solid-js-1.9.13.tgz",
      "integrity": "sha512-6hJeJMOcEX8ktqjpDoJZEmld3ijvcvWBDtiXBm7f4332SiFN66QeAQI1REQshvyUoISsSeJ4PHDauKYbwao9JQ==",
      "license": "MIT",
      "dependencies": {
        "csstype": "^3.1.0",
        "seroval": "~1.5.0",
        "seroval-plugins": "~1.5.0"
      }
    },
    "node_modules/solid-transition-group": {
      "version": "0.2.3",
      "resolved": "https://registry.npmjs.org/solid-transition-group/-/solid-transition-group-0.2.3.tgz",
      "integrity": "sha512-iB72c9N5Kz9ykRqIXl0lQohOau4t0dhel9kjwFvx81UZJbVwaChMuBuyhiZmK24b8aKEK0w3uFM96ZxzcyZGdg==",
      "license": "MIT",
      "dependencies": {
        "@solid-primitives/refs": "^1.0.5",
        "@solid-primitives/transition-group": "^1.0.2"
      },
      "engines": {
        "node": ">=18.0.0",
        "pnpm": ">=8.6.0"
      },
      "peerDependencies": {
        "solid-js": "^1.6.12"
      }
    }
  }
}
